
Microsoft Visual Studio Solution File, Format Version 12.00
# Visual Studio Version 16
VisualStudioVersion = 16.0.30406.217
MinimumVisualStudioVersion = 10.0.40219.1
Project("{FAE04EC0-301F-11D3-BF4B-00C04F79EFBC}") = "AplicacionEmpresa", "AplicacionEmpresa\AplicacionEmpresa.csproj", "{9CF75FD4-821E-4227-A259-287D5881FCCD}"
EndProject
Global
	GlobalSection(SolutionConfigurationPlatforms) = preSolution
		Debug|Any CPU = Debug|Any CPU
		Release|Any CPU = Release|Any CPU
	EndGlobalSection
	GlobalSection(ProjectConfigurationPlatforms) = postSolution
		{9CF75FD4-821E-4227-A259-287D5881FCCD}.Debug|Any CPU.ActiveCfg = Debug|Any CPU
		{9CF75FD4-821E-4227-A259-287D5881FCCD}.Debug|Any CPU.Build.0 = Debug|Any CPU
		{9CF75FD4-821E-4227-A259-287D5881FCCD}.Release|Any CPU.ActiveCfg = Release|Any CPU
		{9CF75FD4-821E-4227-A259-287D5881FCCD}.Release|Any CPU.Build.0 = Release|Any CPU
	EndGlobalSection
	GlobalSection(SolutionProperties) = preSolution
		HideSolutionNode = FALSE
	EndGlobalSection
	GlobalSection(ExtensibilityGlobals) = postSolution
		SolutionGuid = {EA3DC4EF-5AAF-401D-B5B6-BC27B8DB64AB}
	EndGlobalSection
EndGlobal
